github.com/BurntSushi/toml v0.3.0 h1:e1/Ivsx3Z0FVTV0NSOv/aVgbUWyQuzj7DDnFblkRvsY=
github.com/BurntSushi/toml v0.3.0/go.mod h1:xHWCNGjB5oqiDr8zfno3MHue2Ht5sIBksp03qcyfWMU=
github.com/davecgh/go-spew v1.1.0/go.mod h1:J7Y8YcW2NihsgmVo/mv3lAwl/skON4iLHjSsI+c5H38=
github.com/globalsign/mgo v0.0.0-20180615134936-113d3961e731 h1:BDjGihlOPLqKJPemLf4sWvqtVgD/WymIWodoNstJqpk=
github.com/globalsign/mgo v0.0.0-20180615134936-113d3961e731/go.mod h1:xkRDCp4j0OGD1HRkm4kmhM+pmpv3AKq5SU7GMg4oO/Q=
github.com/godcong/chronos v0.0.0-20180808065415-490973394097 h1:vxbj8YlkHeWI2z3AcK6PW0W4HFqQtBy1OfmcJmfMhHk=
github.com/godcong/chronos v0.0.0-20180808065415-490973394097/go.mod h1:N/sMefX6MAdcscHmtsfXq4VMPJBqQ3x4U5LOIZ6CA5Q=
github.com/kr/pretty v0.1.0 h1:ATSYh0F+0oaq+GKadXCNKbuujxh2Gdt/ZsJpJ2jz6g0=
github.com/kr/pretty v0.1.0/go.mod h1:dAy3ld7l9f0ibDNOQOHHMYYIIbhfbHSm3C4ZsoJORNo=
github.com/kr/pty v1.1.1/go.mod h1:pFQYn66WHrOpPYNljwOMqo10TkYh1fy3cYio2l3bCsQ=
github.com/kr/text v0.1.0 h1:hmdMATSYIOjXSDCBHzCKpZbEinGyaCyytrA0pKvfiGQ=
github.com/kr/text v0.1.0/go.mod h1:4Jbv+DJW3UT/LiOwJeYQe1efqtUx/iVham/4vfdArNI=
github.com/pelletier/go-toml v1.2.0/go.mod h1:5z9KED0ma1S8pY6P1sdut58dfprrGBbd/94hg7ilaic=
gopkg.in/check.v1 v0.0.0-20161208181325-20d25e280405/go.mod h1:Co6ibVJAznAaIkqp8huTwlJQCZ016jof/cbN4VW5Yz0=
gopkg.in/check.v1 v1.0.0-20180628173108-788fd7840127 h1:4+fqsMKzNF9sLEeQowQlaTcSWPwC2sN1ANJSzi6PQus=
gopkg.in/check.v1 v1.0.0-20180628173108-788fd7840127/go.mod h1:Co6ibVJAznAaIkqp8huTwlJQCZ016jof/cbN4VW5Yz0=
gopkg.in/yaml.v2 v2.2.1/go.mod h1:hI93XBmqTisBFMUTm0b8Fm+jr3Dg1NNxqwp+5A1VGuI=
