# This file is autogenerated, do not edit; changes may be undone by the next 'dep ensure'.


[[projects]]
  name = "github.com/go-sql-driver/mysql"
  packages = ["."]
  revision = "a0583e0143b1624142adab07e0e97fe106d99561"
  version = "v1.3"

[[projects]]
  branch = "master"
  name = "github.com/go-xorm/builder"
  packages = ["."]
  revision = "a4a881a4e552fcb5473f39e8b9f7d9f3457a7fb0"

[[projects]]
  name = "github.com/go-xorm/core"
  packages = ["."]
  revision = "da1adaf7a28ca792961721a34e6e04945200c890"
  version = "v0.5.7"

[[projects]]
  name = "github.com/go-xorm/xorm"
  packages = ["."]
  revision = "1933dd69e294c0a26c0266637067f24dbb25770c"
  version = "v0.6.4"

[[projects]]
  branch = "master"
  name = "github.com/godcong/excavator"
  packages = ["."]
  revision = "6078be052883801b89f5eb945cb71701c0d0bc97"

[[projects]]
  name = "github.com/mattn/go-sqlite3"
  packages = ["."]
  revision = "3b3f1d01b2696af5501697c35629048c227586ab"
  version = "v1.1.0"

[[projects]]
  name = "github.com/pelletier/go-toml"
  packages = ["."]
  revision = "16398bac157da96aa88f98a2df640c7f32af1da2"
  version = "v1.0.1"

[[projects]]
  name = "github.com/satori/go.uuid"
  packages = ["."]
  revision = "879c5887cd475cd7864858769793b2ceb0d44feb"
  version = "v1.1.0"

[[projects]]
  branch = "master"
  name = "golang.org/x/text"
  packages = [
    "encoding",
    "encoding/internal",
    "encoding/internal/identifier",
    "encoding/simplifiedchinese",
    "internal/gen",
    "transform",
    "unicode/cldr"
  ]
  revision = "e19ae1496984b1c655b8044a65c0300a3c878dd3"
  source = "github.com/golang/text"

[solve-meta]
  analyzer-name = "dep"
  analyzer-version = 1
  inputs-digest = "1ef216e6d00962ac5ebdc9078e5a3b2eb04ed0a050536b1602b128080ff7e256"
  solver-name = "gps-cdcl"
  solver-version = 1
